{
    "hash": "3956aade07e571d78fbbd504d666dd19",
    "packages": [
        {
            "name": "doctrine/common",
            "version": "2.3.0",
            "source": {
                "type": "git",
                "url": "https://github.com/doctrine/common",
                "reference": "2.3.0"
            },
            "dist": {
                "type": "zip",
                "url": "https://github.com/doctrine/common/zipball/2.3.0",
                "reference": "2.3.0",
                "shasum": ""
            },
            "require": {
                "php": ">=5.3.2"
            },
            "time": "2012-09-20 05:55:18",
            "type": "library",
            "extra": {
                "branch-alias": {
                    "dev-master": "2.3.x-dev"
                }
            },
            "autoload": {
                "psr-0": {
                    "Doctrine\\Common": "lib/"
                }
            },
            "license": [
                "MIT"
            ],
            "authors": [
                {
                    "name": "Jonathan Wage",
                    "email": "jonwage@gmail.com",
                    "homepage": "http://www.jwage.com/"
                },
                {
                    "name": "Guilherme Blanco",
                    "email": "guilhermeblanco@gmail.com",
                    "homepage": "http://www.instaclick.com"
                },
                {
                    "name": "Roman Borschel",
                    "email": "roman@code-factory.org"
                },
                {
                    "name": "Benjamin Eberlei",
                    "email": "kontakt@beberlei.de"
                },
                {
                    "name": "Johannes Schmitt",
                    "email": "schmittjoh@gmail.com",
                    "homepage": "https://github.com/schmittjoh",
                    "role": "Developer of wrapped JMSSerializerBundle"
                }
            ],
            "description": "Common Library for Doctrine projects",
            "homepage": "http://www.doctrine-project.org",
            "keywords": [
                "collections",
                "spl",
                "eventmanager",
                "annotations",
                "persistence"
            ]
        },
        {
            "name": "doctrine/dbal",
            "version": "2.3.2",
            "source": {
                "type": "git",
                "url": "https://github.com/doctrine/dbal",
                "reference": "2.3.2"
            },
            "dist": {
                "type": "zip",
                "url": "https://github.com/doctrine/dbal/archive/2.3.2.zip",
                "reference": "2.3.2",
                "shasum": ""
            },
            "require": {
                "php": ">=5.3.2",
                "doctrine/common": "2.3.*"
            },
            "time": "2013-01-07 20:03:43",
            "type": "library",
            "extra": {
                "branch-alias": {
                    "dev-master": "2.3.x-dev"
                }
            },
            "autoload": {
                "psr-0": {
                    "Doctrine\\DBAL": "lib/"
                }
            },
            "notification-url": "https://packagist.org/downloads/",
            "license": [
                "MIT"
            ],
            "authors": [
                {
                    "name": "Jonathan Wage",
                    "email": "jonwage@gmail.com",
                    "homepage": "http://www.jwage.com/"
                },
                {
                    "name": "Guilherme Blanco",
                    "email": "guilhermeblanco@gmail.com",
                    "homepage": "http://www.instaclick.com"
                },
                {
                    "name": "Roman Borschel",
                    "email": "roman@code-factory.org"
                },
                {
                    "name": "Benjamin Eberlei",
                    "email": "kontakt@beberlei.de"
                }
            ],
            "description": "Database Abstraction Layer",
            "homepage": "http://www.doctrine-project.org",
            "keywords": [
                "database",
                "persistence",
                "dbal",
                "queryobject"
            ]
        },
        {
            "name": "doctrine/orm",
            "version": "2.3.2",
            "source": {
                "type": "git",
                "url": "git://github.com/doctrine/doctrine2.git",
                "reference": "2.3.2"
            },
            "dist": {
                "type": "zip",
                "url": "https://github.com/doctrine/doctrine2/archive/2.3.2.zip",
                "reference": "2.3.2",
                "shasum": ""
            },
            "require": {
                "php": ">=5.3.2",
                "ext-pdo": "*",
                "doctrine/dbal": "2.3.*",
                "symfony/console": "2.*"
            },
            "suggest": {
                "symfony/yaml": "If you want to use YAML Metadata Mapping Driver"
            },
            "time": "2013-01-07 20:05:04",
            "bin": [
                "bin/doctrine",
                "bin/doctrine.php"
            ],
            "type": "library",
            "extra": {
                "branch-alias": {
                    "dev-master": "2.3.x-dev"
                }
            },
            "autoload": {
                "psr-0": {
                    "Doctrine\\ORM": "lib/"
                }
            },
            "notification-url": "https://packagist.org/downloads/",
            "license": [
                "MIT"
            ],
            "authors": [
                {
                    "name": "Jonathan Wage",
                    "email": "jonwage@gmail.com",
                    "homepage": "http://www.jwage.com/"
                },
                {
                    "name": "Guilherme Blanco",
                    "email": "guilhermeblanco@gmail.com",
                    "homepage": "http://www.instaclick.com"
                },
                {
                    "name": "Roman Borschel",
                    "email": "roman@code-factory.org"
                },
                {
                    "name": "Benjamin Eberlei",
                    "email": "kontakt@beberlei.de"
                }
            ],
            "description": "Object-Relational-Mapper for PHP",
            "homepage": "http://www.doctrine-project.org",
            "keywords": [
                "database",
                "orm"
            ]
        },
        {
            "name": "gedmo/doctrine-extensions",
            "version": "v2.3.3",
            "source": {
                "type": "git",
                "url": "git://github.com/l3pp4rd/DoctrineExtensions.git",
                "reference": "v2.3.3"
            },
            "dist": {
                "type": "zip",
                "url": "https://github.com/l3pp4rd/DoctrineExtensions/archive/v2.3.3.zip",
                "reference": "v2.3.3",
                "shasum": ""
            },
            "require": {
                "php": ">=5.3.2",
                "doctrine/common": ">=2.2,<2.5-dev"
            },
            "require-dev": {
                "doctrine/mongodb": ">=1.0.0-BETA1",
                "doctrine/mongodb-odm": ">=1.0.0-BETA6",
                "doctrine/orm": ">=2.2",
                "doctrine/dbal": ">=2.2"
            },
            "suggest": {
                "doctrine/mongodb": ">=1.0.0-BETA1",
                "doctrine/mongodb-odm": ">=1.0.0-BETA6",
                "doctrine/orm": ">=2.2",
                "doctrine/dbal": ">=2.2"
            },
            "time": "2012-12-18 21:02:17",
            "type": "library",
            "extra": {
                "branch-alias": {
                    "dev-master": "2.3.x-dev"
                }
            },
            "autoload": {
                "psr-0": {
                    "Gedmo": "lib/"
                }
            },
            "notification-url": "https://packagist.org/downloads/",
            "license": [
                "MIT"
            ],
            "authors": [
                {
                    "name": "Gediminas Morkevicius",
                    "email": "gediminas.morkevicius@gmail.com"
                }
            ],
            "description": "Doctrine2 behavioral extensions",
            "homepage": "http://gediminasm.org/",
            "keywords": [
                "tree",
                "behaviors",
                "doctrine2",
                "extensions",
                "gedmo",
                "sluggable",
                "loggable",
                "translatable",
                "nestedset",
                "sortable",
                "timestampable"
            ]
        },
        {
            "name": "iibs/arnm-core",
            "version": "dev-master",
            "target-dir": "Arnm/CoreBundle",
            "source": {
                "type": "git",
                "url": "git://github.com/ShurikAg/ArnmCoreBundle.git",
                "reference": "8c6ab6251470a2b8ba7953947b974e2c0341743b"
            },
            "dist": {
                "type": "zip",
                "url": "https://github.com/ShurikAg/ArnmCoreBundle/archive/8c6ab6251470a2b8ba7953947b974e2c0341743b.zip",
                "reference": "8c6ab6251470a2b8ba7953947b974e2c0341743b",
                "shasum": ""
            },
            "require": {
                "php": ">=5.3.3",
                "symfony/symfony": "2.1.*"
            },
            "time": "2012-11-29 09:22:22",
            "type": "library",
            "autoload": {
                "psr-0": {
                    "Arnm\\CoreBundle": ""
                }
            },
            "notification-url": "https://packagist.org/downloads/",
            "authors": [
                {
                    "name": "Alex Agulyansky",
                    "email": "alex@iibspro.com",
                    "homepage": "http://www.iibspro.com",
                    "role": "Dev Lead"
                }
            ],
            "description": "Core bundle of Araneum"
        },
        {
            "name": "iibs/arnm-pages",
            "version": "dev-master",
            "target-dir": "Arnm/PagesBundle",
            "source": {
                "type": "git",
                "url": "git://github.com/ShurikAg/ArnmPagesBundle.git",
                "reference": "ee1e3b2c11d6cf962e82d13c903185e9c02ba292"
            },
            "dist": {
                "type": "zip",
                "url": "https://github.com/ShurikAg/ArnmPagesBundle/archive/ee1e3b2c11d6cf962e82d13c903185e9c02ba292.zip",
                "reference": "ee1e3b2c11d6cf962e82d13c903185e9c02ba292",
                "shasum": ""
            },
            "require": {
                "php": ">=5.3.3",
                "symfony/symfony": "2.1.*",
                "doctrine/orm": ">=2.2.3,<2.4-dev",
                "stof/doctrine-extensions-bundle": "dev-master",
                "iibs/arnm-core": "dev-master",
                "stfalcon/tinymce-bundle": "v0.2.0"
            },
            "time": "2012-11-20 09:36:24",
            "type": "library",
            "autoload": {
                "psr-0": {
                    "Arnm\\PagesBundle": ""
                }
            },
            "notification-url": "https://packagist.org/downloads/",
            "authors": [
                {
                    "name": "Alex Agulyansky",
                    "email": "alex@iibspro.com",
                    "homepage": "http://www.iibspro.com",
                    "role": "Dev Lead"
                }
            ],
            "description": "Araneum's pages bundle"
        },
        {
            "name": "iibs/arnm-widget",
            "version": "dev-master",
            "target-dir": "Arnm/WidgetBundle",
            "source": {
                "type": "git",
                "url": "git://github.com/ShurikAg/ArnmWidgetBundle.git",
                "reference": "22f66dd65fbd2de9b783ec01f1c504d6f4470037"
            },
            "dist": {
                "type": "zip",
                "url": "https://github.com/ShurikAg/ArnmWidgetBundle/archive/22f66dd65fbd2de9b783ec01f1c504d6f4470037.zip",
                "reference": "22f66dd65fbd2de9b783ec01f1c504d6f4470037",
                "shasum": ""
            },
            "require": {
                "php": ">=5.3.3",
                "symfony/symfony": "2.1.*",
                "doctrine/orm": ">=2.2.3,<2.4-dev",
                "stof/doctrine-extensions-bundle": "dev-master",
                "iibs/arnm-core": "dev-master",
                "iibs/arnm-pages": "dev-master"
            },
            "time": "2012-11-20 09:08:02",
            "type": "library",
            "autoload": {
                "psr-0": {
                    "Arnm\\WidgetBundle": ""
                }
            },
            "notification-url": "https://packagist.org/downloads/",
            "authors": [
                {
                    "name": "Alex Agulyansky",
                    "email": "alex@iibspro.com",
                    "homepage": "http://www.iibspro.com",
                    "role": "Dev Lead"
                }
            ],
            "description": "Araneum's widgets bundle"
        },
        {
            "name": "stfalcon/tinymce-bundle",
            "version": "v0.2.0",
            "target-dir": "Stfalcon/Bundle/TinymceBundle",
            "source": {
                "type": "git",
                "url": "https://github.com/stfalcon/TinymceBundle",
                "reference": "v0.2.0"
            },
            "dist": {
                "type": "zip",
                "url": "https://github.com/stfalcon/TinymceBundle/zipball/v0.2.0",
                "reference": "v0.2.0",
                "shasum": ""
            },
            "require": {
                "php": ">=5.3.0",
                "symfony/symfony": ">=2.0"
            },
            "time": "2012-04-19 04:42:05",
            "type": "symfony-bundle",
            "autoload": {
                "psr-0": {
                    "Stfalcon\\Bundle\\TinymceBundle": ""
                }
            },
            "notification-url": "https://packagist.org/downloads/",
            "license": [
                "MIT"
            ],
            "authors": [
                {
                    "name": "Stepan Tanasiychuk",
                    "email": "ceo@stfalcon.com",
                    "homepage": "http://blog.stfalcon.com"
                },
                {
                    "name": "Igor Negrutsa",
                    "email": "progi2007@gmail.com",
                    "homepage": "http://igor-negrutsa.info"
                },
                {
                    "name": "Symfony Community",
                    "homepage": "https://github.com/stfalcon/TinymceBundle/contributors"
                }
            ],
            "description": "This Bundle integrates TinyMCE WYSIWYG editor into a Symfony2 project.",
            "keywords": [
                "wysiwyg",
                "tinymce"
            ]
        },
        {
            "name": "stof/doctrine-extensions-bundle",
            "version": "dev-master",
            "target-dir": "Stof/DoctrineExtensionsBundle",
            "source": {
                "type": "git",
                "url": "https://github.com/stof/StofDoctrineExtensionsBundle",
                "reference": "4a17550d8b101c5aafc56c9950149aa189b8402d"
            },
            "dist": {
                "type": "zip",
                "url": "https://github.com/stof/StofDoctrineExtensionsBundle/archive/4a17550d8b101c5aafc56c9950149aa189b8402d.zip",
                "reference": "4a17550d8b101c5aafc56c9950149aa189b8402d",
                "shasum": ""
            },
            "require": {
                "php": ">=5.3.2",
                "symfony/framework-bundle": ">=2.1,<2.3-dev",
                "gedmo/doctrine-extensions": "2.3.*"
            },
            "suggest": {
                "doctrine/doctrine-bundle": "*",
                "doctrine/mongodb-odm-bundle": "2.1.*"
            },
            "time": "2012-12-13 17:58:07",
            "type": "symfony-bundle",
            "extra": {
                "branch-alias": {
                    "dev-master": "1.1.x-dev"
                }
            },
            "autoload": {
                "psr-0": {
                    "Stof\\DoctrineExtensionsBundle": ""
                }
            },
            "notification-url": "https://packagist.org/downloads/",
            "license": [
                "MIT"
            ],
            "authors": [
                {
                    "name": "Christophe Coevoet",
                    "email": "stof@notk.org"
                }
            ],
            "description": "Integration of the gedmo/doctrine-extensions with Symfony2",
            "homepage": "https://github.com/stof/StofDoctrineExtensionsBundle",
            "keywords": [
                "tree",
                "behaviors",
                "doctrine2",
                "extensions",
                "gedmo",
                "sluggable",
                "loggable",
                "translatable",
                "nestedset",
                "sortable",
                "timestampable"
            ]
        },
        {
            "name": "symfony/symfony",
            "version": "v2.1.7",
            "source": {
                "type": "git",
                "url": "git://github.com/symfony/symfony.git",
                "reference": "v2.1.7"
            },
            "dist": {
                "type": "zip",
                "url": "https://github.com/symfony/symfony/archive/v2.1.7.zip",
                "reference": "v2.1.7",
                "shasum": ""
            },
            "require": {
                "php": ">=5.3.3",
                "doctrine/common": ">2.2,<2.4-dev",
                "twig/twig": ">=1.9.1,<2.0-dev"
            },
            "replace": {
                "symfony/doctrine-bridge": "self.version",
                "symfony/monolog-bridge": "self.version",
                "symfony/propel1-bridge": "self.version",
                "symfony/swiftmailer-bridge": "self.version",
                "symfony/twig-bridge": "self.version",
                "symfony/framework-bundle": "self.version",
                "symfony/security-bundle": "self.version",
                "symfony/twig-bundle": "self.version",
                "symfony/web-profiler-bundle": "self.version",
                "symfony/browser-kit": "self.version",
                "symfony/class-loader": "self.version",
                "symfony/config": "self.version",
                "symfony/console": "self.version",
                "symfony/css-selector": "self.version",
                "symfony/dependency-injection": "self.version",
                "symfony/dom-crawler": "self.version",
                "symfony/event-dispatcher": "self.version",
                "symfony/filesystem": "self.version",
                "symfony/finder": "self.version",
                "symfony/form": "self.version",
                "symfony/http-foundation": "self.version",
                "symfony/http-kernel": "self.version",
                "symfony/locale": "self.version",
                "symfony/options-resolver": "self.version",
                "symfony/process": "self.version",
                "symfony/routing": "self.version",
                "symfony/security": "self.version",
                "symfony/serializer": "self.version",
                "symfony/templating": "self.version",
                "symfony/translation": "self.version",
                "symfony/validator": "self.version",
                "symfony/yaml": "self.version"
            },
            "require-dev": {
                "doctrine/dbal": ">=2.2,<2.4-dev",
                "doctrine/orm": ">=2.2.3,<2.4-dev",
                "doctrine/data-fixtures": "1.0.*",
                "propel/propel1": "dev-master",
                "monolog/monolog": ">=1.0,<1.3-dev"
            },
            "time": "2013-01-17 21:21:51",
            "type": "library",
            "autoload": {
                "psr-0": {
                    "Symfony": "src/",
                    "SessionHandlerInterface": "src/Symfony/Component/HttpFoundation/Resources/stubs"
                }
            },
            "notification-url": "https://packagist.org/downloads/",
            "license": [
                "MIT"
            ],
            "authors": [
                {
                    "name": "Fabien Potencier",
                    "email": "fabien@symfony.com"
                },
                {
                    "name": "Symfony Community",
                    "homepage": "http://symfony.com/contributors"
                }
            ],
            "description": "The Symfony PHP framework",
            "homepage": "http://symfony.com",
            "keywords": [
                "framework"
            ]
        },
        {
            "name": "twig/twig",
            "version": "v1.12.1",
            "source": {
                "type": "git",
                "url": "git://github.com/fabpot/Twig.git",
                "reference": "v1.12.1"
            },
            "dist": {
                "type": "zip",
                "url": "https://github.com/fabpot/Twig/archive/v1.12.1.zip",
                "reference": "v1.12.1",
                "shasum": ""
            },
            "require": {
                "php": ">=5.2.4"
            },
            "time": "2013-01-15 20:03:52",
            "type": "library",
            "extra": {
                "branch-alias": {
                    "dev-master": "1.12-dev"
                }
            },
            "autoload": {
                "psr-0": {
                    "Twig_": "lib/"
                }
            },
            "notification-url": "https://packagist.org/downloads/",
            "license": [
                "BSD-3"
            ],
            "authors": [
                {
                    "name": "Fabien Potencier",
                    "email": "fabien@symfony.com"
                },
                {
                    "name": "Armin Ronacher",
                    "email": "armin.ronacher@active-4.com"
                }
            ],
            "description": "Twig, the flexible, fast, and secure template language for PHP",
            "homepage": "http://twig.sensiolabs.org",
            "keywords": [
                "templating"
            ]
        }
    ],
    "packages-dev": null,
    "aliases": [

    ],
    "minimum-stability": "stable",
    "stability-flags": {
        "stof/doctrine-extensions-bundle": 20,
        "iibs/arnm-core": 20,
        "iibs/arnm-pages": 20,
        "iibs/arnm-widget": 20
    }
}
